// !$*UTF8*$!
{
	archiveVersion = 1;
	classes = {
	};
	objectVersion = 50;
	objects = {

/* Begin PBXBuildFile section */
		370A7AA8246A1C6300BF713F /* CoffeeAdjust.swift in Sources */ = {isa = PBXBuildFile; fileRef = 370A7AA7246A1C6300BF713F /* CoffeeAdjust.swift */; };
		374474A8247C5AF3009D18F7 /* UserDefaults+PropertyWrapper.swift in Sources */ = {isa = PBXBuildFile; fileRef = 374474A7247C5AF3009D18F7 /* UserDefaults+PropertyWrapper.swift */; };
		37802214247308C100F9EAF5 /* Double+Extensions.swift in Sources */ = {isa = PBXBuildFile; fileRef = 37802213247308C100F9EAF5 /* Double+Extensions.swift */; };
		37A0B9672460DE8800CE3E86 /* AppDelegate.swift in Sources */ = {isa = PBXBuildFile; fileRef = 37A0B9662460DE8800CE3E86 /* AppDelegate.swift */; };
		37A0B9692460DE8800CE3E86 /* SceneDelegate.swift in Sources */ = {isa = PBXBuildFile; fileRef = 37A0B9682460DE8800CE3E86 /* SceneDelegate.swift */; };
		37A0B96C2460DE8800CE3E86 /* coffee_timer.xcdatamodeld in Sources */ = {isa = PBXBuildFile; fileRef = 37A0B96A2460DE8800CE3E86 /* coffee_timer.xcdatamodeld */; };
		37A0B96E2460DE8800CE3E86 /* ContentView.swift in Sources */ = {isa = PBXBuildFile; fileRef = 37A0B96D2460DE8800CE3E86 /* ContentView.swift */; };
		37A0B9702460DE9000CE3E86 /* Assets.xcassets in Resources */ = {isa = PBXBuildFile; fileRef = 37A0B96F2460DE9000CE3E86 /* Assets.xcassets */; };
		37A0B9732460DE9000CE3E86 /* Preview Assets.xcassets in Resources */ = {isa = PBXBuildFile; fileRef = 37A0B9722460DE9000CE3E86 /* Preview Assets.xcassets */; };
		37A0B9762460DE9000CE3E86 /* LaunchScreen.storyboard in Resources */ = {isa = PBXBuildFile; fileRef = 37A0B9742460DE9000CE3E86 /* LaunchScreen.storyboard */; };
		37A0B9802460E02700CE3E86 /* CalcMain.swift in Sources */ = {isa = PBXBuildFile; fileRef = 37A0B97F2460E02700CE3E86 /* CalcMain.swift */; };
		37A0B9822460E07A00CE3E86 /* TitleBlock.swift in Sources */ = {isa = PBXBuildFile; fileRef = 37A0B9812460E07A00CE3E86 /* TitleBlock.swift */; };
		37A0B9842460E2EC00CE3E86 /* CoffeeAmount.swift in Sources */ = {isa = PBXBuildFile; fileRef = 37A0B9832460E2EC00CE3E86 /* CoffeeAmount.swift */; };
		37A0B9862460E4F300CE3E86 /* WaterAmount.swift in Sources */ = {isa = PBXBuildFile; fileRef = 37A0B9852460E4F300CE3E86 /* WaterAmount.swift */; };
		37A0B9882460E5A800CE3E86 /* TimerView.swift in Sources */ = {isa = PBXBuildFile; fileRef = 37A0B9872460E5A800CE3E86 /* TimerView.swift */; };
		37A0B98C2460E8F800CE3E86 /* Blooming.swift in Sources */ = {isa = PBXBuildFile; fileRef = 37A0B98B2460E8F800CE3E86 /* Blooming.swift */; };
		37BADDF4247C43C500DFC8C3 /* MainEdit.swift in Sources */ = {isa = PBXBuildFile; fileRef = 37BADDF3247C43C500DFC8C3 /* MainEdit.swift */; };
		37BADDF6247C460800DFC8C3 /* RatioEdit.swift in Sources */ = {isa = PBXBuildFile; fileRef = 37BADDF5247C460800DFC8C3 /* RatioEdit.swift */; };
		37BADDF8247C4B0600DFC8C3 /* BloomLength.swift in Sources */ = {isa = PBXBuildFile; fileRef = 37BADDF7247C4B0600DFC8C3 /* BloomLength.swift */; };
		37BADDFA247C4EEE00DFC8C3 /* BloomAmount.swift in Sources */ = {isa = PBXBuildFile; fileRef = 37BADDF9247C4EEE00DFC8C3 /* BloomAmount.swift */; };
		37BADDFD247C541500DFC8C3 /* NavigationEnums.swift in Sources */ = {isa = PBXBuildFile; fileRef = 37BADDFC247C541500DFC8C3 /* NavigationEnums.swift */; };
/* End PBXBuildFile section */

/* Begin PBXFileReference section */
		370A7AA7246A1C6300BF713F /* CoffeeAdjust.swift */ = {isa = PBXFileReference; lastKnownFileType = sourcecode.swift; path = CoffeeAdjust.swift; sourceTree = "<group>"; };
		374474A7247C5AF3009D18F7 /* UserDefaults+PropertyWrapper.swift */ = {isa = PBXFileReference; lastKnownFileType = sourcecode.swift; path = "UserDefaults+PropertyWrapper.swift"; sourceTree = "<group>"; };
		37802213247308C100F9EAF5 /* Double+Extensions.swift */ = {isa = PBXFileReference; lastKnownFileType = sourcecode.swift; path = "Double+Extensions.swift"; sourceTree = "<group>"; };
		37A0B9632460DE8800CE3E86 /* coffee-timer.app */ = {isa = PBXFileReference; explicitFileType = wrapper.application; includeInIndex = 0; path = "coffee-timer.app"; sourceTree = BUILT_PRODUCTS_DIR; };
		37A0B9662460DE8800CE3E86 /* AppDelegate.swift */ = {isa = PBXFileReference; lastKnownFileType = sourcecode.swift; path = AppDelegate.swift; sourceTree = "<group>"; };
		37A0B9682460DE8800CE3E86 /* SceneDelegate.swift */ = {isa = PBXFileReference; lastKnownFileType = sourcecode.swift; path = SceneDelegate.swift; sourceTree = "<group>"; };
		37A0B96B2460DE8800CE3E86 /* coffee_timer.xcdatamodel */ = {isa = PBXFileReference; lastKnownFileType = wrapper.xcdatamodel; path = coffee_timer.xcdatamodel; sourceTree = "<group>"; };
		37A0B96D2460DE8800CE3E86 /* ContentView.swift */ = {isa = PBXFileReference; lastKnownFileType = sourcecode.swift; path = ContentView.swift; sourceTree = "<group>"; };
		37A0B96F2460DE9000CE3E86 /* Assets.xcassets */ = {isa = PBXFileReference; lastKnownFileType = folder.assetcatalog; path = Assets.xcassets; sourceTree = "<group>"; };
		37A0B9722460DE9000CE3E86 /* Preview Assets.xcassets */ = {isa = PBXFileReference; lastKnownFileType = folder.assetcatalog; path = "Preview Assets.xcassets"; sourceTree = "<group>"; };
		37A0B9752460DE9000CE3E86 /* Base */ = {isa = PBXFileReference; lastKnownFileType = file.storyboard; name = Base; path = Base.lproj/LaunchScreen.storyboard; sourceTree = "<group>"; };
		37A0B9772460DE9000CE3E86 /* Info.plist */ = {isa = PBXFileReference; lastKnownFileType = text.plist.xml; path = Info.plist; sourceTree = "<group>"; };
		37A0B97F2460E02700CE3E86 /* CalcMain.swift */ = {isa = PBXFileReference; lastKnownFileType = sourcecode.swift; path = CalcMain.swift; sourceTree = "<group>"; };
		37A0B9812460E07A00CE3E86 /* TitleBlock.swift */ = {isa = PBXFileReference; lastKnownFileType = sourcecode.swift; path = TitleBlock.swift; sourceTree = "<group>"; };
		37A0B9832460E2EC00CE3E86 /* CoffeeAmount.swift */ = {isa = PBXFileReference; lastKnownFileType = sourcecode.swift; path = CoffeeAmount.swift; sourceTree = "<group>"; };
		37A0B9852460E4F300CE3E86 /* WaterAmount.swift */ = {isa = PBXFileReference; lastKnownFileType = sourcecode.swift; path = WaterAmount.swift; sourceTree = "<group>"; };
		37A0B9872460E5A800CE3E86 /* TimerView.swift */ = {isa = PBXFileReference; lastKnownFileType = sourcecode.swift; path = TimerView.swift; sourceTree = "<group>"; };
		37A0B98B2460E8F800CE3E86 /* Blooming.swift */ = {isa = PBXFileReference; lastKnownFileType = sourcecode.swift; path = Blooming.swift; sourceTree = "<group>"; };
		37BADDF3247C43C500DFC8C3 /* MainEdit.swift */ = {isa = PBXFileReference; lastKnownFileType = sourcecode.swift; path = MainEdit.swift; sourceTree = "<group>"; };
		37BADDF5247C460800DFC8C3 /* RatioEdit.swift */ = {isa = PBXFileReference; lastKnownFileType = sourcecode.swift; path = RatioEdit.swift; sourceTree = "<group>"; };
		37BADDF7247C4B0600DFC8C3 /* BloomLength.swift */ = {isa = PBXFileReference; lastKnownFileType = sourcecode.swift; path = BloomLength.swift; sourceTree = "<group>"; };
		37BADDF9247C4EEE00DFC8C3 /* BloomAmount.swift */ = {isa = PBXFileReference; lastKnownFileType = sourcecode.swift; path = BloomAmount.swift; sourceTree = "<group>"; };
		37BADDFC247C541500DFC8C3 /* NavigationEnums.swift */ = {isa = PBXFileReference; lastKnownFileType = sourcecode.swift; path = NavigationEnums.swift; sourceTree = "<group>"; };
/* End PBXFileReference section */

/* Begin PBXFrameworksBuildPhase section */
		37A0B9602460DE8800CE3E86 /* Frameworks */ = {
			isa = PBXFrameworksBuildPhase;
			buildActionMask = 2147483647;
			files = (
			);
			runOnlyForDeploymentPostprocessing = 0;
		};
/* End PBXFrameworksBuildPhase section */

/* Begin PBXGroup section */
		378022122473087D00F9EAF5 /* extensions */ = {
			isa = PBXGroup;
			children = (
				37802213247308C100F9EAF5 /* Double+Extensions.swift */,
			);
			path = extensions;
			sourceTree = "<group>";
		};
		37A0B95A2460DE8700CE3E86 = {
			isa = PBXGroup;
			children = (
				37A0B9652460DE8800CE3E86 /* coffee-timer */,
				37A0B9642460DE8800CE3E86 /* Products */,
			);
			sourceTree = "<group>";
		};
		37A0B9642460DE8800CE3E86 /* Products */ = {
			isa = PBXGroup;
			children = (
				37A0B9632460DE8800CE3E86 /* coffee-timer.app */,
			);
			name = Products;
			sourceTree = "<group>";
		};
		37A0B9652460DE8800CE3E86 /* coffee-timer */ = {
			isa = PBXGroup;
			children = (
				37BADDFB247C540000DFC8C3 /* helpers */,
				378022122473087D00F9EAF5 /* extensions */,
				37A0B97D2460DFCA00CE3E86 /* views */,
				37A0B9662460DE8800CE3E86 /* AppDelegate.swift */,
				37A0B9682460DE8800CE3E86 /* SceneDelegate.swift */,
				37A0B96D2460DE8800CE3E86 /* ContentView.swift */,
				37A0B96F2460DE9000CE3E86 /* Assets.xcassets */,
				37A0B9742460DE9000CE3E86 /* LaunchScreen.storyboard */,
				37A0B9772460DE9000CE3E86 /* Info.plist */,
				37A0B96A2460DE8800CE3E86 /* coffee_timer.xcdatamodeld */,
				37A0B9712460DE9000CE3E86 /* Preview Content */,
			);
			path = "coffee-timer";
			sourceTree = "<group>";
		};
		37A0B9712460DE9000CE3E86 /* Preview Content */ = {
			isa = PBXGroup;
			children = (
				37A0B9722460DE9000CE3E86 /* Preview Assets.xcassets */,
			);
			path = "Preview Content";
			sourceTree = "<group>";
		};
		37A0B97D2460DFCA00CE3E86 /* views */ = {
			isa = PBXGroup;
			children = (
				37BADDF2247C43AB00DFC8C3 /* edit-view */,
				37BADDF1247C433500DFC8C3 /* shared */,
				37A0B97E2460DFD400CE3E86 /* calculation-view */,
			);
			path = views;
			sourceTree = "<group>";
		};
		37A0B97E2460DFD400CE3E86 /* calculation-view */ = {
			isa = PBXGroup;
			children = (
				37A0B97F2460E02700CE3E86 /* CalcMain.swift */,
				37A0B9832460E2EC00CE3E86 /* CoffeeAmount.swift */,
				37A0B9852460E4F300CE3E86 /* WaterAmount.swift */,
				37A0B9872460E5A800CE3E86 /* TimerView.swift */,
				37A0B98B2460E8F800CE3E86 /* Blooming.swift */,
				370A7AA7246A1C6300BF713F /* CoffeeAdjust.swift */,
			);
			path = "calculation-view";
			sourceTree = "<group>";
		};
		37BADDF1247C433500DFC8C3 /* shared */ = {
			isa = PBXGroup;
			children = (
				37A0B9812460E07A00CE3E86 /* TitleBlock.swift */,
			);
			path = shared;
			sourceTree = "<group>";
		};
		37BADDF2247C43AB00DFC8C3 /* edit-view */ = {
			isa = PBXGroup;
			children = (
				37BADDF3247C43C500DFC8C3 /* MainEdit.swift */,
				37BADDF5247C460800DFC8C3 /* RatioEdit.swift */,
				37BADDF7247C4B0600DFC8C3 /* BloomLength.swift */,
				37BADDF9247C4EEE00DFC8C3 /* BloomAmount.swift */,
			);
			path = "edit-view";
			sourceTree = "<group>";
		};
		37BADDFB247C540000DFC8C3 /* helpers */ = {
			isa = PBXGroup;
			children = (
				37BADDFC247C541500DFC8C3 /* NavigationEnums.swift */,
				374474A7247C5AF3009D18F7 /* UserDefaults+PropertyWrapper.swift */,
			);
			path = helpers;
			sourceTree = "<group>";
		};
/* End PBXGroup section */

/* Begin PBXNativeTarget section */
		37A0B9622460DE8800CE3E86 /* coffee-timer */ = {
			isa = PBXNativeTarget;
			buildConfigurationList = 37A0B97A2460DE9000CE3E86 /* Build configuration list for PBXNativeTarget "coffee-timer" */;
			buildPhases = (
				37A0B95F2460DE8800CE3E86 /* Sources */,
				37A0B9602460DE8800CE3E86 /* Frameworks */,
				37A0B9612460DE8800CE3E86 /* Resources */,
			);
			buildRules = (
			);
			dependencies = (
			);
			name = "coffee-timer";
			productName = "coffee-timer";
			productReference = 37A0B9632460DE8800CE3E86 /* coffee-timer.app */;
			productType = "com.apple.product-type.application";
		};
/* End PBXNativeTarget section */

/* Begin PBXProject section */
		37A0B95B2460DE8700CE3E86 /* Project object */ = {
			isa = PBXProject;
			attributes = {
				LastSwiftUpdateCheck = 1140;
				LastUpgradeCheck = 1140;
				ORGANIZATIONNAME = "Maegan Wilson";
				TargetAttributes = {
					37A0B9622460DE8800CE3E86 = {
						CreatedOnToolsVersion = 11.4.1;
					};
				};
			};
			buildConfigurationList = 37A0B95E2460DE8700CE3E86 /* Build configuration list for PBXProject "coffee-timer" */;
			compatibilityVersion = "Xcode 9.3";
			developmentRegion = en;
			hasScannedForEncodings = 0;
			knownRegions = (
				en,
				Base,
			);
			mainGroup = 37A0B95A2460DE8700CE3E86;
			productRefGroup = 37A0B9642460DE8800CE3E86 /* Products */;
			projectDirPath = "";
			projectRoot = "";
			targets = (
				37A0B9622460DE8800CE3E86 /* coffee-timer */,
			);
		};
/* End PBXProject section */

/* Begin PBXResourcesBuildPhase section */
		37A0B9612460DE8800CE3E86 /* Resources */ = {
			isa = PBXResourcesBuildPhase;
			buildActionMask = 2147483647;
			files = (
				37A0B9762460DE9000CE3E86 /* LaunchScreen.storyboard in Resources */,
				37A0B9732460DE9000CE3E86 /* Preview Assets.xcassets in Resources */,
				37A0B9702460DE9000CE3E86 /* Assets.xcassets in Resources */,
			);
			runOnlyForDeploymentPostprocessing = 0;
		};
/* End PBXResourcesBuildPhase section */

/* Begin PBXSourcesBuildPhase section */
		37A0B95F2460DE8800CE3E86 /* Sources */ = {
			isa = PBXSourcesBuildPhase;
			buildActionMask = 2147483647;
			files = (
				37802214247308C100F9EAF5 /* Double+Extensions.swift in Sources */,
				37A0B9822460E07A00CE3E86 /* TitleBlock.swift in Sources */,
				37BADDFD247C541500DFC8C3 /* NavigationEnums.swift in Sources */,
				37A0B9672460DE8800CE3E86 /* AppDelegate.swift in Sources */,
				37A0B9802460E02700CE3E86 /* CalcMain.swift in Sources */,
				37A0B9862460E4F300CE3E86 /* WaterAmount.swift in Sources */,
				37A0B9842460E2EC00CE3E86 /* CoffeeAmount.swift in Sources */,
				37A0B96C2460DE8800CE3E86 /* coffee_timer.xcdatamodeld in Sources */,
				37A0B98C2460E8F800CE3E86 /* Blooming.swift in Sources */,
				37A0B9882460E5A800CE3E86 /* TimerView.swift in Sources */,
				37BADDFA247C4EEE00DFC8C3 /* BloomAmount.swift in Sources */,
				37A0B96E2460DE8800CE3E86 /* ContentView.swift in Sources */,
				370A7AA8246A1C6300BF713F /* CoffeeAdjust.swift in Sources */,
				37BADDF6247C460800DFC8C3 /* RatioEdit.swift in Sources */,
				37A0B9692460DE8800CE3E86 /* SceneDelegate.swift in Sources */,
				37BADDF4247C43C500DFC8C3 /* MainEdit.swift in Sources */,
				37BADDF8247C4B0600DFC8C3 /* BloomLength.swift in Sources */,
				374474A8247C5AF3009D18F7 /* UserDefaults+PropertyWrapper.swift in Sources */,
			);
			runOnlyForDeploymentPostprocessing = 0;
		};
/* End PBXSourcesBuildPhase section */

/* Begin PBXVariantGroup section */
		37A0B9742460DE9000CE3E86 /* LaunchScreen.storyboard */ = {
			isa = PBXVariantGroup;
			children = (
				37A0B9752460DE9000CE3E86 /* Base */,
			);
			name = LaunchScreen.storyboard;
			sourceTree = "<group>";
		};
/* End PBXVariantGroup section */

/* Begin XCBuildConfiguration section */
		37A0B9782460DE9000CE3E86 /* Debug */ = {
			isa = XCBuildConfiguration;
			buildSettings = {
				ALWAYS_SEARCH_USER_PATHS = NO;
				CLANG_ANALYZER_NONNULL = YES;
				CLANG_ANALYZER_NUMBER_OBJECT_CONVERSION = YES_AGGRESSIVE;
				CLANG_CXX_LANGUAGE_STANDARD = "gnu++14";
				CLANG_CXX_LIBRARY = "libc++";
				CLANG_ENABLE_MODULES = YES;
				CLANG_ENABLE_OBJC_ARC = YES;
				CLANG_ENABLE_OBJC_WEAK = YES;
				CLANG_WARN_BLOCK_CAPTURE_AUTORELEASING = YES;
				CLANG_WARN_BOOL_CONVERSION = YES;
				CLANG_WARN_COMMA = YES;
				CLANG_WARN_CONSTANT_CONVERSION = YES;
				CLANG_WARN_DEPRECATED_OBJC_IMPLEMENTATIONS = YES;
				CLANG_WARN_DIRECT_OBJC_ISA_USAGE = YES_ERROR;
				CLANG_WARN_DOCUMENTATION_COMMENTS = YES;
				CLANG_WARN_EMPTY_BODY = YES;
				CLANG_WARN_ENUM_CONVERSION = YES;
				CLANG_WARN_INFINITE_RECURSION = YES;
				CLANG_WARN_INT_CONVERSION = YES;
				CLANG_WARN_NON_LITERAL_NULL_CONVERSION = YES;
				CLANG_WARN_OBJC_IMPLICIT_RETAIN_SELF = YES;
				CLANG_WARN_OBJC_LITERAL_CONVERSION = YES;
				CLANG_WARN_OBJC_ROOT_CLASS = YES_ERROR;
				CLANG_WARN_RANGE_LOOP_ANALYSIS = YES;
				CLANG_WARN_STRICT_PROTOTYPES = YES;
				CLANG_WARN_SUSPICIOUS_MOVE = YES;
				CLANG_WARN_UNGUARDED_AVAILABILITY = YES_AGGRESSIVE;
				CLANG_WARN_UNREACHABLE_CODE = YES;
				CLANG_WARN__DUPLICATE_METHOD_MATCH = YES;
				COPY_PHASE_STRIP = NO;
				DEBUG_INFORMATION_FORMAT = dwarf;
				ENABLE_STRICT_OBJC_MSGSEND = YES;
				ENABLE_TESTABILITY = YES;
				GCC_C_LANGUAGE_STANDARD = gnu11;
				GCC_DYNAMIC_NO_PIC = NO;
				GCC_NO_COMMON_BLOCKS = YES;
				GCC_OPTIMIZATION_LEVEL = 0;
				GCC_PREPROCESSOR_DEFINITIONS = (
					"DEBUG=1",
					"$(inherited)",
				);
				GCC_WARN_64_TO_32_BIT_CONVERSION = YES;
				GCC_WARN_ABOUT_RETURN_TYPE = YES_ERROR;
				GCC_WARN_UNDECLARED_SELECTOR = YES;
				GCC_WARN_UNINITIALIZED_AUTOS = YES_AGGRESSIVE;
				GCC_WARN_UNUSED_FUNCTION = YES;
				GCC_WARN_UNUSED_VARIABLE = YES;
				IPHONEOS_DEPLOYMENT_TARGET = 13.4;
				MTL_ENABLE_DEBUG_INFO = INCLUDE_SOURCE;
				MTL_FAST_MATH = YES;
				ONLY_ACTIVE_ARCH = YES;
				SDKROOT = iphoneos;
				SWIFT_ACTIVE_COMPILATION_CONDITIONS = DEBUG;
				SWIFT_OPTIMIZATION_LEVEL = "-Onone";
			};
			name = Debug;
		};
		37A0B9792460DE9000CE3E86 /* Release */ = {
			isa = XCBuildConfiguration;
			buildSettings = {
				ALWAYS_SEARCH_USER_PATHS = NO;
				CLANG_ANALYZER_NONNULL = YES;
				CLANG_ANALYZER_NUMBER_OBJECT_CONVERSION = YES_AGGRESSIVE;
				CLANG_CXX_LANGUAGE_STANDARD = "gnu++14";
				CLANG_CXX_LIBRARY = "libc++";
				CLANG_ENABLE_MODULES = YES;
				CLANG_ENABLE_OBJC_ARC = YES;
				CLANG_ENABLE_OBJC_WEAK = YES;
				CLANG_WARN_BLOCK_CAPTURE_AUTORELEASING = YES;
				CLANG_WARN_BOOL_CONVERSION = YES;
				CLANG_WARN_COMMA = YES;
				CLANG_WARN_CONSTANT_CONVERSION = YES;
				CLANG_WARN_DEPRECATED_OBJC_IMPLEMENTATIONS = YES;
				CLANG_WARN_DIRECT_OBJC_ISA_USAGE = YES_ERROR;
				CLANG_WARN_DOCUMENTATION_COMMENTS = YES;
				CLANG_WARN_EMPTY_BODY = YES;
				CLANG_WARN_ENUM_CONVERSION = YES;
				CLANG_WARN_INFINITE_RECURSION = YES;
				CLANG_WARN_INT_CONVERSION = YES;
				CLANG_WARN_NON_LITERAL_NULL_CONVERSION = YES;
				CLANG_WARN_OBJC_IMPLICIT_RETAIN_SELF = YES;
				CLANG_WARN_OBJC_LITERAL_CONVERSION = YES;
				CLANG_WARN_OBJC_ROOT_CLASS = YES_ERROR;
				CLANG_WARN_RANGE_LOOP_ANALYSIS = YES;
				CLANG_WARN_STRICT_PROTOTYPES = YES;
				CLANG_WARN_SUSPICIOUS_MOVE = YES;
				CLANG_WARN_UNGUARDED_AVAILABILITY = YES_AGGRESSIVE;
				CLANG_WARN_UNREACHABLE_CODE = YES;
				CLANG_WARN__DUPLICATE_METHOD_MATCH = YES;
				COPY_PHASE_STRIP = NO;
				DEBUG_INFORMATION_FORMAT = "dwarf-with-dsym";
				ENABLE_NS_ASSERTIONS = NO;
				ENABLE_STRICT_OBJC_MSGSEND = YES;
				GCC_C_LANGUAGE_STANDARD = gnu11;
				GCC_NO_COMMON_BLOCKS = YES;
				GCC_WARN_64_TO_32_BIT_CONVERSION = YES;
				GCC_WARN_ABOUT_RETURN_TYPE = YES_ERROR;
				GCC_WARN_UNDECLARED_SELECTOR = YES;
				GCC_WARN_UNINITIALIZED_AUTOS = YES_AGGRESSIVE;
				GCC_WARN_UNUSED_FUNCTION = YES;
				GCC_WARN_UNUSED_VARIABLE = YES;
				IPHONEOS_DEPLOYMENT_TARGET = 13.4;
				MTL_ENABLE_DEBUG_INFO = NO;
				MTL_FAST_MATH = YES;
				SDKROOT = iphoneos;
				SWIFT_COMPILATION_MODE = wholemodule;
				SWIFT_OPTIMIZATION_LEVEL = "-O";
				VALIDATE_PRODUCT = YES;
			};
			name = Release;
		};
		37A0B97B2460DE9000CE3E86 /* Debug */ = {
			isa = XCBuildConfiguration;
			buildSettings = {
				ASSETCATALOG_COMPILER_APPICON_NAME = AppIcon;
				CODE_SIGN_STYLE = Automatic;
				DEVELOPMENT_ASSET_PATHS = "\"coffee-timer/Preview Content\"";
				DEVELOPMENT_TEAM = ZDK82FGR3Z;
				ENABLE_PREVIEWS = YES;
				INFOPLIST_FILE = "coffee-timer/Info.plist";
				LD_RUNPATH_SEARCH_PATHS = (
					"$(inherited)",
					"@executable_path/Frameworks",
				);
				PRODUCT_BUNDLE_IDENTIFIER = "com.appsbymw.coffee-timer";
				PRODUCT_NAME = "$(TARGET_NAME)";
				SWIFT_VERSION = 5.0;
				TARGETED_DEVICE_FAMILY = "1,2";
			};
			name = Debug;
		};
		37A0B97C2460DE9000CE3E86 /* Release */ = {
			isa = XCBuildConfiguration;
			buildSettings = {
				ASSETCATALOG_COMPILER_APPICON_NAME = AppIcon;
				CODE_SIGN_STYLE = Automatic;
				DEVELOPMENT_ASSET_PATHS = "\"coffee-timer/Preview Content\"";
				DEVELOPMENT_TEAM = ZDK82FGR3Z;
				ENABLE_PREVIEWS = YES;
				INFOPLIST_FILE = "coffee-timer/Info.plist";
				LD_RUNPATH_SEARCH_PATHS = (
					"$(inherited)",
					"@executable_path/Frameworks",
				);
				PRODUCT_BUNDLE_IDENTIFIER = "com.appsbymw.coffee-timer";
				PRODUCT_NAME = "$(TARGET_NAME)";
				SWIFT_VERSION = 5.0;
				TARGETED_DEVICE_FAMILY = "1,2";
			};
			name = Release;
		};
/* End XCBuildConfiguration section */

/* Begin XCConfigurationList section */
		37A0B95E2460DE8700CE3E86 /* Build configuration list for PBXProject "coffee-timer" */ = {
			isa = XCConfigurationList;
			buildConfigurations = (
				37A0B9782460DE9000CE3E86 /* Debug */,
				37A0B9792460DE9000CE3E86 /* Release */,
			);
			defaultConfigurationIsVisible = 0;
			defaultConfigurationName = Release;
		};
		37A0B97A2460DE9000CE3E86 /* Build configuration list for PBXNativeTarget "coffee-timer" */ = {
			isa = XCConfigurationList;
			buildConfigurations = (
				37A0B97B2460DE9000CE3E86 /* Debug */,
				37A0B97C2460DE9000CE3E86 /* Release */,
			);
			defaultConfigurationIsVisible = 0;
			defaultConfigurationName = Release;
		};
/* End XCConfigurationList section */

/* Begin XCVersionGroup section */
		37A0B96A2460DE8800CE3E86 /* coffee_timer.xcdatamodeld */ = {
			isa = XCVersionGroup;
			children = (
				37A0B96B2460DE8800CE3E86 /* coffee_timer.xcdatamodel */,
			);
			currentVersion = 37A0B96B2460DE8800CE3E86 /* coffee_timer.xcdatamodel */;
			path = coffee_timer.xcdatamodeld;
			sourceTree = "<group>";
			versionGroupType = wrapper.xcdatamodel;
		};
/* End XCVersionGroup section */
	};
	rootObject = 37A0B95B2460DE8700CE3E86 /* Project object */;
}
